#MicroXplorer Configuration settings - do not modify
ADC1.Channel-2\#ChannelRegularConversion=ADC_CHANNEL_3
ADC1.IPParameters=Rank-2\#ChannelRegularConversion,Channel-2\#ChannelRegularConversion,SamplingTime-2\#ChannelRegularConversion,NbrOfConversionFlag,master
ADC1.NbrOfConversionFlag=1
ADC1.Rank-2\#ChannelRegularConversion=1
ADC1.SamplingTime-2\#ChannelRegularConversion=ADC_SAMPLETIME_1CYCLE_5
ADC1.master=1
DAC1.DAC_OutputBuffer-DAC_OUT1=DAC_OUTPUTBUFFER_ENABLE
DAC1.DAC_Trigger-DAC_OUT1=DAC_TRIGGER_NONE
DAC1.IPParameters=DAC_OutputBuffer-DAC_OUT1,DAC_Trigger-DAC_OUT1
FREERTOS.HEAP_NUMBER=4
FREERTOS.INCLUDE_eTaskGetState=0
FREERTOS.INCLUDE_pcTaskGetTaskName=0
FREERTOS.INCLUDE_uxTaskGetStackHighWaterMark=0
FREERTOS.INCLUDE_uxTaskPriorityGet=1
FREERTOS.INCLUDE_vTaskCleanUpResources=0
FREERTOS.INCLUDE_vTaskDelay=1
FREERTOS.INCLUDE_vTaskDelayUntil=0
FREERTOS.INCLUDE_vTaskDelete=1
FREERTOS.INCLUDE_vTaskPrioritySet=1
FREERTOS.INCLUDE_vTaskSuspend=1
FREERTOS.INCLUDE_xEventGroupSetBitFromISR=0
FREERTOS.INCLUDE_xQueueGetMutexHolder=0
FREERTOS.INCLUDE_xSemaphoreGetMutexHolder=0
FREERTOS.INCLUDE_xTaskAbortDelay=0
FREERTOS.INCLUDE_xTaskGetCurrentTaskHandle=0
FREERTOS.INCLUDE_xTaskGetHandle=0
FREERTOS.INCLUDE_xTaskResumeFromISR=1
FREERTOS.IPParameters=Tasks01,configGENERATE_RUN_TIME_STATS,configUSE_PREEMPTION,MEMORY_ALLOCATION,configTICK_RATE_HZ,configMAX_PRIORITIES,configMINIMAL_STACK_SIZE,configMAX_TASK_NAME_LEN,configIDLE_SHOULD_YIELD,configUSE_MUTEXES,configUSE_RECURSIVE_MUTEXES,configUSE_COUNTING_SEMAPHORES,configQUEUE_REGISTRY_SIZE,configUSE_APPLICATION_TASK_TAG,configTOTAL_HEAP_SIZE,HEAP_NUMBER,configUSE_IDLE_HOOK,configUSE_TICK_HOOK,configUSE_MALLOC_FAILED_HOOK,configUSE_DAEMON_TASK_STARTUP_HOOK,configCHECK_FOR_STACK_OVERFLOW,configUSE_TRACE_FACILITY,configUSE_STATS_FORMATTING_FUNCTIONS,configUSE_CO_ROUTINES,configMAX_CO_ROUTINE_PRIORITIES,configUSE_TIMERS,configLIBRARY_LOWEST_INTERRUPT_PRIORITY,configLIBRARY_MAX_SYSCALL_INTERRUPT_PRIORITY,INCLUDE_vTaskPrioritySet,INCLUDE_uxTaskPriorityGet,INCLUDE_vTaskDelete,INCLUDE_vTaskCleanUpResources,INCLUDE_vTaskSuspend,INCLUDE_vTaskDelayUntil,INCLUDE_vTaskDelay,INCLUDE_xTaskResumeFromISR,INCLUDE_xQueueGetMutexHolder,INCLUDE_xSemaphoreGetMutexHolder,INCLUDE_pcTaskGetTaskName,INCLUDE_uxTaskGetStackHighWaterMark,INCLUDE_xTaskGetCurrentTaskHandle,INCLUDE_eTaskGetState,INCLUDE_xEventGroupSetBitFromISR,configENABLE_BACKWARD_COMPATIBILITY,configUSE_TICKLESS_IDLE,configUSE_TASK_NOTIFICATIONS,INCLUDE_xTaskAbortDelay,INCLUDE_xTaskGetHandle
FREERTOS.MEMORY_ALLOCATION=0
FREERTOS.Tasks01=defaultTask,0,128,StartDefaultTask,Default,NULL
FREERTOS.configCHECK_FOR_STACK_OVERFLOW=0
FREERTOS.configENABLE_BACKWARD_COMPATIBILITY=1
FREERTOS.configGENERATE_RUN_TIME_STATS=0
FREERTOS.configIDLE_SHOULD_YIELD=1
FREERTOS.configLIBRARY_LOWEST_INTERRUPT_PRIORITY=15
FREERTOS.configLIBRARY_MAX_SYSCALL_INTERRUPT_PRIORITY=5
FREERTOS.configMAX_CO_ROUTINE_PRIORITIES=2
FREERTOS.configMAX_PRIORITIES=7
FREERTOS.configMAX_TASK_NAME_LEN=16
FREERTOS.configMINIMAL_STACK_SIZE=128
FREERTOS.configQUEUE_REGISTRY_SIZE=8
FREERTOS.configTICK_RATE_HZ=1000
FREERTOS.configTOTAL_HEAP_SIZE=3072
FREERTOS.configUSE_APPLICATION_TASK_TAG=0
FREERTOS.configUSE_COUNTING_SEMAPHORES=0
FREERTOS.configUSE_CO_ROUTINES=0
FREERTOS.configUSE_DAEMON_TASK_STARTUP_HOOK=0
FREERTOS.configUSE_IDLE_HOOK=0
FREERTOS.configUSE_MALLOC_FAILED_HOOK=0
FREERTOS.configUSE_MUTEXES=1
FREERTOS.configUSE_PREEMPTION=1
FREERTOS.configUSE_RECURSIVE_MUTEXES=0
FREERTOS.configUSE_STATS_FORMATTING_FUNCTIONS=0
FREERTOS.configUSE_TASK_NOTIFICATIONS=1
FREERTOS.configUSE_TICKLESS_IDLE=0
FREERTOS.configUSE_TICK_HOOK=0
FREERTOS.configUSE_TIMERS=0
FREERTOS.configUSE_TRACE_FACILITY=0
File.Version=6
KeepUserPlacement=false
Mcu.Family=STM32F3
Mcu.IP0=ADC1
Mcu.IP1=DAC1
Mcu.IP2=DAC2
Mcu.IP3=FREERTOS
Mcu.IP4=NVIC
Mcu.IP5=RCC
Mcu.IP6=SDADC1
Mcu.IP7=SYS
Mcu.IP8=USART2
Mcu.IPNb=9
Mcu.Name=STM32F373C(8-B-C)Tx
Mcu.Package=LQFP48
Mcu.Pin0=PA0
Mcu.Pin1=PA1
Mcu.Pin10=VP_SYS_VS_tim2
Mcu.Pin2=PA2
Mcu.Pin3=PA3
Mcu.Pin4=PA4
Mcu.Pin5=PA6
Mcu.Pin6=PB2
Mcu.Pin7=PB3
Mcu.Pin8=PB4
Mcu.Pin9=VP_FREERTOS_VS_CMSIS_V1
Mcu.PinsNb=11
Mcu.ThirdPartyNb=0
Mcu.UserConstants=
Mcu.UserName=STM32F373CCTx
MxCube.Version=5.1.0
MxDb.Version=DB.5.0.10
NVIC.BusFault_IRQn=true\:0\:0\:false\:false\:true\:false\:false\:false
NVIC.DebugMonitor_IRQn=true\:0\:0\:false\:false\:true\:false\:false\:false
NVIC.HardFault_IRQn=true\:0\:0\:false\:false\:true\:false\:false\:false
NVIC.MemoryManagement_IRQn=true\:0\:0\:false\:false\:true\:false\:false\:false
NVIC.NonMaskableInt_IRQn=true\:0\:0\:false\:false\:true\:false\:false\:false
NVIC.PendSV_IRQn=true\:15\:0\:false\:false\:false\:true\:false\:false
NVIC.PriorityGroup=NVIC_PRIORITYGROUP_4
NVIC.SVCall_IRQn=true\:0\:0\:false\:false\:false\:false\:false\:false
NVIC.SysTick_IRQn=true\:15\:0\:false\:false\:false\:true\:false\:true
NVIC.TIM2_IRQn=true\:0\:0\:false\:false\:true\:false\:false\:true
NVIC.TimeBase=TIM2_IRQn
NVIC.TimeBaseIP=TIM2
NVIC.USART2_IRQn=true\:5\:0\:false\:false\:true\:true\:true\:true
NVIC.UsageFault_IRQn=true\:0\:0\:false\:false\:true\:false\:false\:false
PA0.Mode=IN0
PA0.Signal=ADC1_IN0
PA1.Mode=IN1
PA1.Signal=ADC1_IN1
PA2.Mode=IN2
PA2.Signal=ADC1_IN2
PA3.Mode=IN3
PA3.Signal=ADC1_IN3
PA4.Signal=COMP_DAC11_group
PA6.Signal=COMP_DAC21_group
PB2.Mode=IN4-Single-Ended
PB2.Signal=SDADC1_AIN4P
PB3.Mode=Asynchronous
PB3.Signal=USART2_TX
PB4.Mode=Asynchronous
PB4.Signal=USART2_RX
PCC.Checker=false
PCC.Line=STM32F373
PCC.MCU=STM32F373C(8-B-C)Tx
PCC.PartNumber=STM32F373CCTx
PCC.Seq0=0
PCC.Series=STM32F3
PCC.Temperature=25
PCC.Vdd=3.6
PinOutPanel.RotationAngle=0
ProjectManager.AskForMigrate=true
ProjectManager.BackupPrevious=false
ProjectManager.CompilerOptimize=6
ProjectManager.ComputerToolchain=false
ProjectManager.CoupleFile=false
ProjectManager.CustomerFirmwarePackage=
ProjectManager.DefaultFWLocation=true
ProjectManager.DeletePrevious=true
ProjectManager.DeviceId=STM32F373CCTx
ProjectManager.FirmwarePackage=STM32Cube FW_F3 V1.10.0
ProjectManager.FreePins=false
ProjectManager.HalAssertFull=false
ProjectManager.HeapSize=0x200
ProjectManager.KeepUserCode=true
ProjectManager.LastFirmware=true
ProjectManager.LibraryCopy=0
ProjectManager.MainLocation=Src
ProjectManager.NoMain=false
ProjectManager.PreviousToolchain=
ProjectManager.ProjectBuild=false
ProjectManager.ProjectFileName=adsr.ioc
ProjectManager.ProjectName=adsr
ProjectManager.StackSize=0x400
ProjectManager.TargetToolchain=Makefile
ProjectManager.ToolChainLocation=
ProjectManager.UnderRoot=false
ProjectManager.functionlistsort=1-MX_GPIO_Init-GPIO-false-HAL-true,2-SystemClock_Config-RCC-false-HAL-false,3-MX_ADC1_Init-ADC1-false-HAL-true,4-MX_DAC1_Init-DAC1-false-HAL-true,5-MX_SDADC1_Init-SDADC1-false-HAL-true,6-MX_USART2_UART_Init-USART2-false-HAL-true,7-MX_DAC2_Init-DAC2-false-HAL-true
RCC.ADCoutputFreq_Value=32000000
RCC.AHBFreq_Value=64000000
RCC.APB1CLKDivider=RCC_HCLK_DIV2
RCC.APB1Freq_Value=32000000
RCC.APB1TimFreq_Value=64000000
RCC.APB2Freq_Value=64000000
RCC.APB2TimFreq_Value=64000000
RCC.CECFreq_Value=32786.88524590164
RCC.CortexFreq_Value=64000000
RCC.FCLKCortexFreq_Value=64000000
RCC.FamilyName=M
RCC.HCLKFreq_Value=64000000
RCC.HSEPLLFreq_Value=8000000
RCC.HSE_VALUE=8000000
RCC.HSICECFreq_Value=32786.88524590164
RCC.HSIPLLFreq_Value=4000000
RCC.HSI_VALUE=8000000
RCC.I2C1Freq_Value=8000000
RCC.I2CFreq_Value=8000000
RCC.IPParameters=ADCoutputFreq_Value,AHBFreq_Value,APB1CLKDivider,APB1Freq_Value,APB1TimFreq_Value,APB2Freq_Value,APB2TimFreq_Value,CECFreq_Value,CortexFreq_Value,FCLKCortexFreq_Value,FamilyName,HCLKFreq_Value,HSEPLLFreq_Value,HSE_VALUE,HSICECFreq_Value,HSIPLLFreq_Value,HSI_VALUE,I2C1Freq_Value,I2CFreq_Value,LSE_VALUE,LSI_VALUE,MCOFreq_Value,PLLCLKFreq_Value,PLLMCOFreq_Value,PLLMUL,PWRFreq_Value,RTCFreq_Value,RTCHSEDivFreq_Value,SDADCPresc,SDADCoutputFreq_Value,SYSCLKFreq_VALUE,SYSCLKSource,TIM2Freq_Value,USART1Freq_Value,USART2Freq_Value,USART3Freq_Value,USBFreq_Value,VCOOutput2Freq_Value
RCC.LSE_VALUE=32768
RCC.LSI_VALUE=40000
RCC.MCOFreq_Value=64000000
RCC.PLLCLKFreq_Value=64000000
RCC.PLLMCOFreq_Value=32000000
RCC.PLLMUL=RCC_PLL_MUL16
RCC.PWRFreq_Value=64000000
RCC.RTCFreq_Value=40000
RCC.RTCHSEDivFreq_Value=250000
RCC.SDADCPresc=RCC_SDADCSYSCLK_DIV16
RCC.SDADCoutputFreq_Value=4000000
RCC.SYSCLKFreq_VALUE=64000000
RCC.SYSCLKSource=RCC_SYSCLKSOURCE_PLLCLK
RCC.TIM2Freq_Value=64000000
RCC.USART1Freq_Value=64000000
RCC.USART2Freq_Value=32000000
RCC.USART3Freq_Value=32000000
RCC.USBFreq_Value=64000000
RCC.VCOOutput2Freq_Value=4000000
SDADC1.IPParameters=NbrOfConversionFlag
SDADC1.NbrOfConversionFlag=1
SH.COMP_DAC11_group.0=DAC1_OUT1,DAC_OUT1
SH.COMP_DAC11_group.ConfNb=1
SH.COMP_DAC21_group.0=DAC2_OUT1,DAC_OUT1
SH.COMP_DAC21_group.ConfNb=1
USART2.AutoBaudRateEnableParam=UART_ADVFEATURE_AUTOBAUDRATE_DISABLE
USART2.BaudRate=115200
USART2.DMADisableonRxErrorParam=ADVFEATURE_DMA_ENABLEONRXERROR
USART2.DataInvertParam=ADVFEATURE_DATAINV_DISABLE
USART2.IPParameters=BaudRate,WordLength,Parity,StopBits,Mode,OverSampling,OneBitSampling,AutoBaudRateEnableParam,TxPinLevelInvertParam,RxPinLevelInvertParam,DataInvertParam,SwapParam,OverrunDisableParam,DMADisableonRxErrorParam,MSBFirstParam,VirtualMode-Asynchronous
USART2.MSBFirstParam=ADVFEATURE_MSBFIRST_DISABLE
USART2.Mode=MODE_TX_RX
USART2.OneBitSampling=UART_ONE_BIT_SAMPLE_DISABLE
USART2.OverSampling=UART_OVERSAMPLING_16
USART2.OverrunDisableParam=ADVFEATURE_OVERRUN_ENABLE
USART2.Parity=PARITY_NONE
USART2.RxPinLevelInvertParam=ADVFEATURE_RXINV_DISABLE
USART2.StopBits=STOPBITS_1
USART2.SwapParam=ADVFEATURE_SWAP_DISABLE
USART2.TxPinLevelInvertParam=ADVFEATURE_TXINV_DISABLE
USART2.VirtualMode-Asynchronous=VM_ASYNC
USART2.WordLength=WORDLENGTH_8B
VP_FREERTOS_VS_CMSIS_V1.Mode=CMSIS_V1
VP_FREERTOS_VS_CMSIS_V1.Signal=FREERTOS_VS_CMSIS_V1
VP_SYS_VS_tim2.Mode=TIM2
VP_SYS_VS_tim2.Signal=SYS_VS_tim2
board=custom
